
Microsoft Visual Studio Solution File, Format Version 12.00
# Visual Studio Version 16
VisualStudioVersion = 16.0.30225.117
MinimumVisualStudioVersion = 10.0.40219.1
Project("{FAE04EC0-301F-11D3-BF4B-00C04F79EFBC}") = "EsoxGrid.Main.Server", "EsoxGrid.Main\Server\EsoxGrid.Main.Server.csproj", "{1943D428-A263-4683-8004-AF36129427E1}"
EndProject
Project("{FAE04EC0-301F-11D3-BF4B-00C04F79EFBC}") = "EsoxGrid.Main.Client", "EsoxGrid.Main\Client\EsoxGrid.Main.Client.csproj", "{A6C4C4C3-DF99-41B0-9A33-DBF178E79F5B}"
EndProject
Project("{FAE04EC0-301F-11D3-BF4B-00C04F79EFBC}") = "EsoxGrid.Main.Shared", "EsoxGrid.Main\Shared\EsoxGrid.Main.Shared.csproj", "{9DAAED78-383C-45C1-B485-4702CEA0AE9C}"
EndProject
Global
	GlobalSection(SolutionConfigurationPlatforms) = preSolution
		Debug|Any CPU = Debug|Any CPU
		Release|Any CPU = Release|Any CPU
	EndGlobalSection
	GlobalSection(ProjectConfigurationPlatforms) = postSolution
		{1943D428-A263-4683-8004-AF36129427E1}.Debug|Any CPU.ActiveCfg = Debug|Any CPU
		{1943D428-A263-4683-8004-AF36129427E1}.Debug|Any CPU.Build.0 = Debug|Any CPU
		{1943D428-A263-4683-8004-AF36129427E1}.Release|Any CPU.ActiveCfg = Release|Any CPU
		{1943D428-A263-4683-8004-AF36129427E1}.Release|Any CPU.Build.0 = Release|Any CPU
		{A6C4C4C3-DF99-41B0-9A33-DBF178E79F5B}.Debug|Any CPU.ActiveCfg = Debug|Any CPU
		{A6C4C4C3-DF99-41B0-9A33-DBF178E79F5B}.Debug|Any CPU.Build.0 = Debug|Any CPU
		{A6C4C4C3-DF99-41B0-9A33-DBF178E79F5B}.Release|Any CPU.ActiveCfg = Release|Any CPU
		{A6C4C4C3-DF99-41B0-9A33-DBF178E79F5B}.Release|Any CPU.Build.0 = Release|Any CPU
		{9DAAED78-383C-45C1-B485-4702CEA0AE9C}.Debug|Any CPU.ActiveCfg = Debug|Any CPU
		{9DAAED78-383C-45C1-B485-4702CEA0AE9C}.Debug|Any CPU.Build.0 = Debug|Any CPU
		{9DAAED78-383C-45C1-B485-4702CEA0AE9C}.Release|Any CPU.ActiveCfg = Release|Any CPU
		{9DAAED78-383C-45C1-B485-4702CEA0AE9C}.Release|Any CPU.Build.0 = Release|Any CPU
	EndGlobalSection
	GlobalSection(SolutionProperties) = preSolution
		HideSolutionNode = FALSE
	EndGlobalSection
	GlobalSection(ExtensibilityGlobals) = postSolution
		SolutionGuid = {FD12892F-A109-4CD0-9C99-09C33FD21A66}
	EndGlobalSection
EndGlobal
